
Microsoft Visual Studio Solution File, Format Version 12.00
# Visual Studio Version 16
VisualStudioVersion = 16.0.30717.126
MinimumVisualStudioVersion = 10.0.40219.1
Project("{FAE04EC0-301F-11D3-BF4B-00C04F79EFBC}") = "Tannenbaumzeichnen", "Tannenbaumzeichnen.csproj", "{CF3A105B-5A90-4997-9479-A8721C492B48}"
EndProject
Global
	GlobalSection(SolutionConfigurationPlatforms) = preSolution
		Debug|Any CPU = Debug|Any CPU
		Release|Any CPU = Release|Any CPU
	EndGlobalSection
	GlobalSection(ProjectConfigurationPlatforms) = postSolution
		{CF3A105B-5A90-4997-9479-A8721C492B48}.Debug|Any CPU.ActiveCfg = Debug|Any CPU
		{CF3A105B-5A90-4997-9479-A8721C492B48}.Debug|Any CPU.Build.0 = Debug|Any CPU
		{CF3A105B-5A90-4997-9479-A8721C492B48}.Release|Any CPU.ActiveCfg = Release|Any CPU
		{CF3A105B-5A90-4997-9479-A8721C492B48}.Release|Any CPU.Build.0 = Release|Any CPU
	EndGlobalSection
	GlobalSection(SolutionProperties) = preSolution
		HideSolutionNode = FALSE
	EndGlobalSection
	GlobalSection(ExtensibilityGlobals) = postSolution
		SolutionGuid = {35A061D3-C32B-47C1-8039-1358DEB8CDE5}
	EndGlobalSection
EndGlobal
